// !$*UTF8*$!
{
	archiveVersion = 1;
	classes = {
	};
	objectVersion = 50;
	objects = {

/* Begin PBXBuildFile section */
		6003DA1E24F7453300FC85D8 /* AppDelegate.swift in Sources */ = {isa = PBXBuildFile; fileRef = 6003DA1D24F7453300FC85D8 /* AppDelegate.swift */; };
		6003DA2024F7453300FC85D8 /* ContentView.swift in Sources */ = {isa = PBXBuildFile; fileRef = 6003DA1F24F7453300FC85D8 /* ContentView.swift */; };
		6003DA2324F7453300FC85D8 /* humblenotes_macos.xcdatamodeld in Sources */ = {isa = PBXBuildFile; fileRef = 6003DA2124F7453300FC85D8 /* humblenotes_macos.xcdatamodeld */; };
		6003DA2524F7453400FC85D8 /* Assets.xcassets in Resources */ = {isa = PBXBuildFile; fileRef = 6003DA2424F7453400FC85D8 /* Assets.xcassets */; };
		6003DA2824F7453400FC85D8 /* Preview Assets.xcassets in Resources */ = {isa = PBXBuildFile; fileRef = 6003DA2724F7453400FC85D8 /* Preview Assets.xcassets */; };
		6003DA2B24F7453400FC85D8 /* Main.storyboard in Resources */ = {isa = PBXBuildFile; fileRef = 6003DA2924F7453400FC85D8 /* Main.storyboard */; };
		60E179C224FABBEE007E767F /* Webview.swift in Sources */ = {isa = PBXBuildFile; fileRef = 60E179C124FABBEE007E767F /* Webview.swift */; };
		60E179CA24FAC250007E767F /* AppDelegate.swift in Sources */ = {isa = PBXBuildFile; fileRef = 60E179C924FAC250007E767F /* AppDelegate.swift */; };
		60E179CC24FAC250007E767F /* SceneDelegate.swift in Sources */ = {isa = PBXBuildFile; fileRef = 60E179CB24FAC250007E767F /* SceneDelegate.swift */; };
		60E179CF24FAC250007E767F /* humblenotes_ios.xcdatamodeld in Sources */ = {isa = PBXBuildFile; fileRef = 60E179CD24FAC250007E767F /* humblenotes_ios.xcdatamodeld */; };
		60E179D124FAC250007E767F /* ContentView.swift in Sources */ = {isa = PBXBuildFile; fileRef = 60E179D024FAC250007E767F /* ContentView.swift */; };
		60E179D324FAC257007E767F /* Assets.xcassets in Resources */ = {isa = PBXBuildFile; fileRef = 60E179D224FAC257007E767F /* Assets.xcassets */; };
		60E179D624FAC257007E767F /* Preview Assets.xcassets in Resources */ = {isa = PBXBuildFile; fileRef = 60E179D524FAC257007E767F /* Preview Assets.xcassets */; };
		60E179D924FAC257007E767F /* LaunchScreen.storyboard in Resources */ = {isa = PBXBuildFile; fileRef = 60E179D724FAC257007E767F /* LaunchScreen.storyboard */; };
		60E179DF24FAD7F5007E767F /* Webview.swift in Sources */ = {isa = PBXBuildFile; fileRef = 60E179C124FABBEE007E767F /* Webview.swift */; };
/* End PBXBuildFile section */

/* Begin PBXFileReference section */
		6003DA1A24F7453300FC85D8 /* humblenotes-macos.app */ = {isa = PBXFileReference; explicitFileType = wrapper.application; includeInIndex = 0; path = "humblenotes-macos.app"; sourceTree = BUILT_PRODUCTS_DIR; };
		6003DA1D24F7453300FC85D8 /* AppDelegate.swift */ = {isa = PBXFileReference; lastKnownFileType = sourcecode.swift; path = AppDelegate.swift; sourceTree = "<group>"; };
		6003DA1F24F7453300FC85D8 /* ContentView.swift */ = {isa = PBXFileReference; lastKnownFileType = sourcecode.swift; path = ContentView.swift; sourceTree = "<group>"; };
		6003DA2224F7453300FC85D8 /* humblenotes_macos.xcdatamodel */ = {isa = PBXFileReference; lastKnownFileType = wrapper.xcdatamodel; path = humblenotes_macos.xcdatamodel; sourceTree = "<group>"; };
		6003DA2424F7453400FC85D8 /* Assets.xcassets */ = {isa = PBXFileReference; lastKnownFileType = folder.assetcatalog; path = Assets.xcassets; sourceTree = "<group>"; };
		6003DA2724F7453400FC85D8 /* Preview Assets.xcassets */ = {isa = PBXFileReference; lastKnownFileType = folder.assetcatalog; path = "Preview Assets.xcassets"; sourceTree = "<group>"; };
		6003DA2A24F7453400FC85D8 /* Base */ = {isa = PBXFileReference; lastKnownFileType = file.storyboard; name = Base; path = Base.lproj/Main.storyboard; sourceTree = "<group>"; };
		6003DA2C24F7453400FC85D8 /* Info.plist */ = {isa = PBXFileReference; lastKnownFileType = text.plist.xml; path = Info.plist; sourceTree = "<group>"; };
		6003DA2D24F7453400FC85D8 /* humblenotes_macos.entitlements */ = {isa = PBXFileReference; lastKnownFileType = text.plist.entitlements; path = humblenotes_macos.entitlements; sourceTree = "<group>"; };
		60E179C124FABBEE007E767F /* Webview.swift */ = {isa = PBXFileReference; lastKnownFileType = sourcecode.swift; path = Webview.swift; sourceTree = "<group>"; };
		60E179C724FAC250007E767F /* humblenotes-ios.app */ = {isa = PBXFileReference; explicitFileType = wrapper.application; includeInIndex = 0; path = "humblenotes-ios.app"; sourceTree = BUILT_PRODUCTS_DIR; };
		60E179C924FAC250007E767F /* AppDelegate.swift */ = {isa = PBXFileReference; lastKnownFileType = sourcecode.swift; path = AppDelegate.swift; sourceTree = "<group>"; };
		60E179CB24FAC250007E767F /* SceneDelegate.swift */ = {isa = PBXFileReference; lastKnownFileType = sourcecode.swift; path = SceneDelegate.swift; sourceTree = "<group>"; };
		60E179CE24FAC250007E767F /* humblenotes_ios.xcdatamodel */ = {isa = PBXFileReference; lastKnownFileType = wrapper.xcdatamodel; path = humblenotes_ios.xcdatamodel; sourceTree = "<group>"; };
		60E179D024FAC250007E767F /* ContentView.swift */ = {isa = PBXFileReference; lastKnownFileType = sourcecode.swift; path = ContentView.swift; sourceTree = "<group>"; };
		60E179D224FAC257007E767F /* Assets.xcassets */ = {isa = PBXFileReference; lastKnownFileType = folder.assetcatalog; path = Assets.xcassets; sourceTree = "<group>"; };
		60E179D524FAC257007E767F /* Preview Assets.xcassets */ = {isa = PBXFileReference; lastKnownFileType = folder.assetcatalog; path = "Preview Assets.xcassets"; sourceTree = "<group>"; };
		60E179D824FAC257007E767F /* Base */ = {isa = PBXFileReference; lastKnownFileType = file.storyboard; name = Base; path = Base.lproj/LaunchScreen.storyboard; sourceTree = "<group>"; };
		60E179DA24FAC257007E767F /* Info.plist */ = {isa = PBXFileReference; lastKnownFileType = text.plist.xml; path = Info.plist; sourceTree = "<group>"; };
/* End PBXFileReference section */

/* Begin PBXFrameworksBuildPhase section */
		6003DA1724F7453300FC85D8 /* Frameworks */ = {
			isa = PBXFrameworksBuildPhase;
			buildActionMask = 2147483647;
			files = (
			);
			runOnlyForDeploymentPostprocessing = 0;
		};
		60E179C424FAC250007E767F /* Frameworks */ = {
			isa = PBXFrameworksBuildPhase;
			buildActionMask = 2147483647;
			files = (
			);
			runOnlyForDeploymentPostprocessing = 0;
		};
/* End PBXFrameworksBuildPhase section */

/* Begin PBXGroup section */
		6003DA1124F7453300FC85D8 = {
			isa = PBXGroup;
			children = (
				60E179C124FABBEE007E767F /* Webview.swift */,
				6003DA1C24F7453300FC85D8 /* humblenotes-macos */,
				60E179C824FAC250007E767F /* humblenotes-ios */,
				6003DA1B24F7453300FC85D8 /* Products */,
			);
			sourceTree = "<group>";
		};
		6003DA1B24F7453300FC85D8 /* Products */ = {
			isa = PBXGroup;
			children = (
				6003DA1A24F7453300FC85D8 /* humblenotes-macos.app */,
				60E179C724FAC250007E767F /* humblenotes-ios.app */,
			);
			name = Products;
			sourceTree = "<group>";
		};
		6003DA1C24F7453300FC85D8 /* humblenotes-macos */ = {
			isa = PBXGroup;
			children = (
				6003DA1D24F7453300FC85D8 /* AppDelegate.swift */,
				6003DA1F24F7453300FC85D8 /* ContentView.swift */,
				6003DA2424F7453400FC85D8 /* Assets.xcassets */,
				6003DA2924F7453400FC85D8 /* Main.storyboard */,
				6003DA2C24F7453400FC85D8 /* Info.plist */,
				6003DA2D24F7453400FC85D8 /* humblenotes_macos.entitlements */,
				6003DA2124F7453300FC85D8 /* humblenotes_macos.xcdatamodeld */,
				6003DA2624F7453400FC85D8 /* Preview Content */,
			);
			path = "humblenotes-macos";
			sourceTree = "<group>";
		};
		6003DA2624F7453400FC85D8 /* Preview Content */ = {
			isa = PBXGroup;
			children = (
				6003DA2724F7453400FC85D8 /* Preview Assets.xcassets */,
			);
			path = "Preview Content";
			sourceTree = "<group>";
		};
		60E179C824FAC250007E767F /* humblenotes-ios */ = {
			isa = PBXGroup;
			children = (
				60E179C924FAC250007E767F /* AppDelegate.swift */,
				60E179CB24FAC250007E767F /* SceneDelegate.swift */,
				60E179D024FAC250007E767F /* ContentView.swift */,
				60E179D224FAC257007E767F /* Assets.xcassets */,
				60E179D724FAC257007E767F /* LaunchScreen.storyboard */,
				60E179DA24FAC257007E767F /* Info.plist */,
				60E179CD24FAC250007E767F /* humblenotes_ios.xcdatamodeld */,
				60E179D424FAC257007E767F /* Preview Content */,
			);
			path = "humblenotes-ios";
			sourceTree = "<group>";
		};
		60E179D424FAC257007E767F /* Preview Content */ = {
			isa = PBXGroup;
			children = (
				60E179D524FAC257007E767F /* Preview Assets.xcassets */,
			);
			path = "Preview Content";
			sourceTree = "<group>";
		};
/* End PBXGroup section */

/* Begin PBXNativeTarget section */
		6003DA1924F7453300FC85D8 /* humblenotes-macos */ = {
			isa = PBXNativeTarget;
			buildConfigurationList = 6003DA3024F7453400FC85D8 /* Build configuration list for PBXNativeTarget "humblenotes-macos" */;
			buildPhases = (
				6003DA1624F7453300FC85D8 /* Sources */,
				6003DA1724F7453300FC85D8 /* Frameworks */,
				6003DA1824F7453300FC85D8 /* Resources */,
			);
			buildRules = (
			);
			dependencies = (
			);
			name = "humblenotes-macos";
			productName = "humblenotes-macos";
			productReference = 6003DA1A24F7453300FC85D8 /* humblenotes-macos.app */;
			productType = "com.apple.product-type.application";
		};
		60E179C624FAC250007E767F /* humblenotes-ios */ = {
			isa = PBXNativeTarget;
			buildConfigurationList = 60E179DB24FAC257007E767F /* Build configuration list for PBXNativeTarget "humblenotes-ios" */;
			buildPhases = (
				60E179C324FAC250007E767F /* Sources */,
				60E179C424FAC250007E767F /* Frameworks */,
				60E179C524FAC250007E767F /* Resources */,
			);
			buildRules = (
			);
			dependencies = (
			);
			name = "humblenotes-ios";
			productName = "humblenotes-ios";
			productReference = 60E179C724FAC250007E767F /* humblenotes-ios.app */;
			productType = "com.apple.product-type.application";
		};
/* End PBXNativeTarget section */

/* Begin PBXProject section */
		6003DA1224F7453300FC85D8 /* Project object */ = {
			isa = PBXProject;
			attributes = {
				LastSwiftUpdateCheck = 1160;
				LastUpgradeCheck = 1160;
				ORGANIZATIONNAME = "Left Shift Logical, LLC";
				TargetAttributes = {
					6003DA1924F7453300FC85D8 = {
						CreatedOnToolsVersion = 11.6;
					};
					60E179C624FAC250007E767F = {
						CreatedOnToolsVersion = 11.6;
					};
				};
			};
			buildConfigurationList = 6003DA1524F7453300FC85D8 /* Build configuration list for PBXProject "humblenotes" */;
			compatibilityVersion = "Xcode 9.3";
			developmentRegion = en;
			hasScannedForEncodings = 0;
			knownRegions = (
				en,
				Base,
			);
			mainGroup = 6003DA1124F7453300FC85D8;
			productRefGroup = 6003DA1B24F7453300FC85D8 /* Products */;
			projectDirPath = "";
			projectRoot = "";
			targets = (
				6003DA1924F7453300FC85D8 /* humblenotes-macos */,
				60E179C624FAC250007E767F /* humblenotes-ios */,
			);
		};
/* End PBXProject section */

/* Begin PBXResourcesBuildPhase section */
		6003DA1824F7453300FC85D8 /* Resources */ = {
			isa = PBXResourcesBuildPhase;
			buildActionMask = 2147483647;
			files = (
				6003DA2B24F7453400FC85D8 /* Main.storyboard in Resources */,
				6003DA2824F7453400FC85D8 /* Preview Assets.xcassets in Resources */,
				6003DA2524F7453400FC85D8 /* Assets.xcassets in Resources */,
			);
			runOnlyForDeploymentPostprocessing = 0;
		};
		60E179C524FAC250007E767F /* Resources */ = {
			isa = PBXResourcesBuildPhase;
			buildActionMask = 2147483647;
			files = (
				60E179D924FAC257007E767F /* LaunchScreen.storyboard in Resources */,
				60E179D624FAC257007E767F /* Preview Assets.xcassets in Resources */,
				60E179D324FAC257007E767F /* Assets.xcassets in Resources */,
			);
			runOnlyForDeploymentPostprocessing = 0;
		};
/* End PBXResourcesBuildPhase section */

/* Begin PBXSourcesBuildPhase section */
		6003DA1624F7453300FC85D8 /* Sources */ = {
			isa = PBXSourcesBuildPhase;
			buildActionMask = 2147483647;
			files = (
				6003DA2024F7453300FC85D8 /* ContentView.swift in Sources */,
				60E179C224FABBEE007E767F /* Webview.swift in Sources */,
				6003DA1E24F7453300FC85D8 /* AppDelegate.swift in Sources */,
				6003DA2324F7453300FC85D8 /* humblenotes_macos.xcdatamodeld in Sources */,
			);
			runOnlyForDeploymentPostprocessing = 0;
		};
		60E179C324FAC250007E767F /* Sources */ = {
			isa = PBXSourcesBuildPhase;
			buildActionMask = 2147483647;
			files = (
				60E179CA24FAC250007E767F /* AppDelegate.swift in Sources */,
				60E179CC24FAC250007E767F /* SceneDelegate.swift in Sources */,
				60E179DF24FAD7F5007E767F /* Webview.swift in Sources */,
				60E179D124FAC250007E767F /* ContentView.swift in Sources */,
				60E179CF24FAC250007E767F /* humblenotes_ios.xcdatamodeld in Sources */,
			);
			runOnlyForDeploymentPostprocessing = 0;
		};
/* End PBXSourcesBuildPhase section */

/* Begin PBXVariantGroup section */
		6003DA2924F7453400FC85D8 /* Main.storyboard */ = {
			isa = PBXVariantGroup;
			children = (
				6003DA2A24F7453400FC85D8 /* Base */,
			);
			name = Main.storyboard;
			sourceTree = "<group>";
		};
		60E179D724FAC257007E767F /* LaunchScreen.storyboard */ = {
			isa = PBXVariantGroup;
			children = (
				60E179D824FAC257007E767F /* Base */,
			);
			name = LaunchScreen.storyboard;
			sourceTree = "<group>";
		};
/* End PBXVariantGroup section */

/* Begin XCBuildConfiguration section */
		6003DA2E24F7453400FC85D8 /* Debug */ = {
			isa = XCBuildConfiguration;
			buildSettings = {
				ALWAYS_SEARCH_USER_PATHS = NO;
				CLANG_ANALYZER_NONNULL = YES;
				CLANG_ANALYZER_NUMBER_OBJECT_CONVERSION = YES_AGGRESSIVE;
				CLANG_CXX_LANGUAGE_STANDARD = "gnu++14";
				CLANG_CXX_LIBRARY = "libc++";
				CLANG_ENABLE_MODULES = YES;
				CLANG_ENABLE_OBJC_ARC = YES;
				CLANG_ENABLE_OBJC_WEAK = YES;
				CLANG_WARN_BLOCK_CAPTURE_AUTORELEASING = YES;
				CLANG_WARN_BOOL_CONVERSION = YES;
				CLANG_WARN_COMMA = YES;
				CLANG_WARN_CONSTANT_CONVERSION = YES;
				CLANG_WARN_DEPRECATED_OBJC_IMPLEMENTATIONS = YES;
				CLANG_WARN_DIRECT_OBJC_ISA_USAGE = YES_ERROR;
				CLANG_WARN_DOCUMENTATION_COMMENTS = YES;
				CLANG_WARN_EMPTY_BODY = YES;
				CLANG_WARN_ENUM_CONVERSION = YES;
				CLANG_WARN_INFINITE_RECURSION = YES;
				CLANG_WARN_INT_CONVERSION = YES;
				CLANG_WARN_NON_LITERAL_NULL_CONVERSION = YES;
				CLANG_WARN_OBJC_IMPLICIT_RETAIN_SELF = YES;
				CLANG_WARN_OBJC_LITERAL_CONVERSION = YES;
				CLANG_WARN_OBJC_ROOT_CLASS = YES_ERROR;
				CLANG_WARN_RANGE_LOOP_ANALYSIS = YES;
				CLANG_WARN_STRICT_PROTOTYPES = YES;
				CLANG_WARN_SUSPICIOUS_MOVE = YES;
				CLANG_WARN_UNGUARDED_AVAILABILITY = YES_AGGRESSIVE;
				CLANG_WARN_UNREACHABLE_CODE = YES;
				CLANG_WARN__DUPLICATE_METHOD_MATCH = YES;
				COPY_PHASE_STRIP = NO;
				DEBUG_INFORMATION_FORMAT = dwarf;
				ENABLE_STRICT_OBJC_MSGSEND = YES;
				ENABLE_TESTABILITY = YES;
				GCC_C_LANGUAGE_STANDARD = gnu11;
				GCC_DYNAMIC_NO_PIC = NO;
				GCC_NO_COMMON_BLOCKS = YES;
				GCC_OPTIMIZATION_LEVEL = 0;
				GCC_PREPROCESSOR_DEFINITIONS = (
					"DEBUG=1",
					"$(inherited)",
				);
				GCC_WARN_64_TO_32_BIT_CONVERSION = YES;
				GCC_WARN_ABOUT_RETURN_TYPE = YES_ERROR;
				GCC_WARN_UNDECLARED_SELECTOR = YES;
				GCC_WARN_UNINITIALIZED_AUTOS = YES_AGGRESSIVE;
				GCC_WARN_UNUSED_FUNCTION = YES;
				GCC_WARN_UNUSED_VARIABLE = YES;
				MACOSX_DEPLOYMENT_TARGET = 10.15;
				MTL_ENABLE_DEBUG_INFO = INCLUDE_SOURCE;
				MTL_FAST_MATH = YES;
				ONLY_ACTIVE_ARCH = YES;
				SDKROOT = macosx;
				SWIFT_ACTIVE_COMPILATION_CONDITIONS = DEBUG;
				SWIFT_OPTIMIZATION_LEVEL = "-Onone";
			};
			name = Debug;
		};
		6003DA2F24F7453400FC85D8 /* Release */ = {
			isa = XCBuildConfiguration;
			buildSettings = {
				ALWAYS_SEARCH_USER_PATHS = NO;
				CLANG_ANALYZER_NONNULL = YES;
				CLANG_ANALYZER_NUMBER_OBJECT_CONVERSION = YES_AGGRESSIVE;
				CLANG_CXX_LANGUAGE_STANDARD = "gnu++14";
				CLANG_CXX_LIBRARY = "libc++";
				CLANG_ENABLE_MODULES = YES;
				CLANG_ENABLE_OBJC_ARC = YES;
				CLANG_ENABLE_OBJC_WEAK = YES;
				CLANG_WARN_BLOCK_CAPTURE_AUTORELEASING = YES;
				CLANG_WARN_BOOL_CONVERSION = YES;
				CLANG_WARN_COMMA = YES;
				CLANG_WARN_CONSTANT_CONVERSION = YES;
				CLANG_WARN_DEPRECATED_OBJC_IMPLEMENTATIONS = YES;
				CLANG_WARN_DIRECT_OBJC_ISA_USAGE = YES_ERROR;
				CLANG_WARN_DOCUMENTATION_COMMENTS = YES;
				CLANG_WARN_EMPTY_BODY = YES;
				CLANG_WARN_ENUM_CONVERSION = YES;
				CLANG_WARN_INFINITE_RECURSION = YES;
				CLANG_WARN_INT_CONVERSION = YES;
				CLANG_WARN_NON_LITERAL_NULL_CONVERSION = YES;
				CLANG_WARN_OBJC_IMPLICIT_RETAIN_SELF = YES;
				CLANG_WARN_OBJC_LITERAL_CONVERSION = YES;
				CLANG_WARN_OBJC_ROOT_CLASS = YES_ERROR;
				CLANG_WARN_RANGE_LOOP_ANALYSIS = YES;
				CLANG_WARN_STRICT_PROTOTYPES = YES;
				CLANG_WARN_SUSPICIOUS_MOVE = YES;
				CLANG_WARN_UNGUARDED_AVAILABILITY = YES_AGGRESSIVE;
				CLANG_WARN_UNREACHABLE_CODE = YES;
				CLANG_WARN__DUPLICATE_METHOD_MATCH = YES;
				COPY_PHASE_STRIP = NO;
				DEBUG_INFORMATION_FORMAT = "dwarf-with-dsym";
				ENABLE_NS_ASSERTIONS = NO;
				ENABLE_STRICT_OBJC_MSGSEND = YES;
				GCC_C_LANGUAGE_STANDARD = gnu11;
				GCC_NO_COMMON_BLOCKS = YES;
				GCC_WARN_64_TO_32_BIT_CONVERSION = YES;
				GCC_WARN_ABOUT_RETURN_TYPE = YES_ERROR;
				GCC_WARN_UNDECLARED_SELECTOR = YES;
				GCC_WARN_UNINITIALIZED_AUTOS = YES_AGGRESSIVE;
				GCC_WARN_UNUSED_FUNCTION = YES;
				GCC_WARN_UNUSED_VARIABLE = YES;
				MACOSX_DEPLOYMENT_TARGET = 10.15;
				MTL_ENABLE_DEBUG_INFO = NO;
				MTL_FAST_MATH = YES;
				SDKROOT = macosx;
				SWIFT_COMPILATION_MODE = wholemodule;
				SWIFT_OPTIMIZATION_LEVEL = "-O";
			};
			name = Release;
		};
		6003DA3124F7453400FC85D8 /* Debug */ = {
			isa = XCBuildConfiguration;
			buildSettings = {
				ASSETCATALOG_COMPILER_APPICON_NAME = AppIcon;
				CODE_SIGN_ENTITLEMENTS = "humblenotes-macos/humblenotes_macos.entitlements";
				CODE_SIGN_STYLE = Automatic;
				COMBINE_HIDPI_IMAGES = YES;
				DEVELOPMENT_ASSET_PATHS = "\"humblenotes-macos/Preview Content\"";
				DEVELOPMENT_TEAM = KNBPD99JQM;
				ENABLE_HARDENED_RUNTIME = YES;
				ENABLE_PREVIEWS = YES;
				INFOPLIST_FILE = "humblenotes-macos/Info.plist";
				LD_RUNPATH_SEARCH_PATHS = (
					"$(inherited)",
					"@executable_path/../Frameworks",
				);
				MACOSX_DEPLOYMENT_TARGET = 10.15;
				PRODUCT_BUNDLE_IDENTIFIER = com.leftshift.humblenotes.macos;
				PRODUCT_NAME = "$(TARGET_NAME)";
				SWIFT_VERSION = 5.0;
			};
			name = Debug;
		};
		6003DA3224F7453400FC85D8 /* Release */ = {
			isa = XCBuildConfiguration;
			buildSettings = {
				ASSETCATALOG_COMPILER_APPICON_NAME = AppIcon;
				CODE_SIGN_ENTITLEMENTS = "humblenotes-macos/humblenotes_macos.entitlements";
				CODE_SIGN_STYLE = Automatic;
				COMBINE_HIDPI_IMAGES = YES;
				DEVELOPMENT_ASSET_PATHS = "\"humblenotes-macos/Preview Content\"";
				DEVELOPMENT_TEAM = KNBPD99JQM;
				ENABLE_HARDENED_RUNTIME = YES;
				ENABLE_PREVIEWS = YES;
				INFOPLIST_FILE = "humblenotes-macos/Info.plist";
				LD_RUNPATH_SEARCH_PATHS = (
					"$(inherited)",
					"@executable_path/../Frameworks",
				);
				MACOSX_DEPLOYMENT_TARGET = 10.15;
				PRODUCT_BUNDLE_IDENTIFIER = com.leftshift.humblenotes.macos;
				PRODUCT_NAME = "$(TARGET_NAME)";
				SWIFT_VERSION = 5.0;
			};
			name = Release;
		};
		60E179DC24FAC257007E767F /* Debug */ = {
			isa = XCBuildConfiguration;
			buildSettings = {
				ASSETCATALOG_COMPILER_APPICON_NAME = AppIcon;
				CODE_SIGN_STYLE = Automatic;
				DEVELOPMENT_ASSET_PATHS = "\"humblenotes-ios/Preview Content\"";
				DEVELOPMENT_TEAM = KNBPD99JQM;
				ENABLE_PREVIEWS = YES;
				INFOPLIST_FILE = "humblenotes-ios/Info.plist";
				IPHONEOS_DEPLOYMENT_TARGET = 13.6;
				LD_RUNPATH_SEARCH_PATHS = (
					"$(inherited)",
					"@executable_path/Frameworks",
				);
				PRODUCT_BUNDLE_IDENTIFIER = com.leftshift.humblenotes.ios;
				PRODUCT_NAME = "$(TARGET_NAME)";
				SDKROOT = iphoneos;
				SWIFT_VERSION = 5.0;
				TARGETED_DEVICE_FAMILY = "1,2";
			};
			name = Debug;
		};
		60E179DD24FAC257007E767F /* Release */ = {
			isa = XCBuildConfiguration;
			buildSettings = {
				ASSETCATALOG_COMPILER_APPICON_NAME = AppIcon;
				CODE_SIGN_STYLE = Automatic;
				DEVELOPMENT_ASSET_PATHS = "\"humblenotes-ios/Preview Content\"";
				DEVELOPMENT_TEAM = KNBPD99JQM;
				ENABLE_PREVIEWS = YES;
				INFOPLIST_FILE = "humblenotes-ios/Info.plist";
				IPHONEOS_DEPLOYMENT_TARGET = 13.6;
				LD_RUNPATH_SEARCH_PATHS = (
					"$(inherited)",
					"@executable_path/Frameworks",
				);
				PRODUCT_BUNDLE_IDENTIFIER = com.leftshift.humblenotes.ios;
				PRODUCT_NAME = "$(TARGET_NAME)";
				SDKROOT = iphoneos;
				SWIFT_VERSION = 5.0;
				TARGETED_DEVICE_FAMILY = "1,2";
				VALIDATE_PRODUCT = YES;
			};
			name = Release;
		};
/* End XCBuildConfiguration section */

/* Begin XCConfigurationList section */
		6003DA1524F7453300FC85D8 /* Build configuration list for PBXProject "humblenotes" */ = {
			isa = XCConfigurationList;
			buildConfigurations = (
				6003DA2E24F7453400FC85D8 /* Debug */,
				6003DA2F24F7453400FC85D8 /* Release */,
			);
			defaultConfigurationIsVisible = 0;
			defaultConfigurationName = Release;
		};
		6003DA3024F7453400FC85D8 /* Build configuration list for PBXNativeTarget "humblenotes-macos" */ = {
			isa = XCConfigurationList;
			buildConfigurations = (
				6003DA3124F7453400FC85D8 /* Debug */,
				6003DA3224F7453400FC85D8 /* Release */,
			);
			defaultConfigurationIsVisible = 0;
			defaultConfigurationName = Release;
		};
		60E179DB24FAC257007E767F /* Build configuration list for PBXNativeTarget "humblenotes-ios" */ = {
			isa = XCConfigurationList;
			buildConfigurations = (
				60E179DC24FAC257007E767F /* Debug */,
				60E179DD24FAC257007E767F /* Release */,
			);
			defaultConfigurationIsVisible = 0;
			defaultConfigurationName = Release;
		};
/* End XCConfigurationList section */

/* Begin XCVersionGroup section */
		6003DA2124F7453300FC85D8 /* humblenotes_macos.xcdatamodeld */ = {
			isa = XCVersionGroup;
			children = (
				6003DA2224F7453300FC85D8 /* humblenotes_macos.xcdatamodel */,
			);
			currentVersion = 6003DA2224F7453300FC85D8 /* humblenotes_macos.xcdatamodel */;
			path = humblenotes_macos.xcdatamodeld;
			sourceTree = "<group>";
			versionGroupType = wrapper.xcdatamodel;
		};
		60E179CD24FAC250007E767F /* humblenotes_ios.xcdatamodeld */ = {
			isa = XCVersionGroup;
			children = (
				60E179CE24FAC250007E767F /* humblenotes_ios.xcdatamodel */,
			);
			currentVersion = 60E179CE24FAC250007E767F /* humblenotes_ios.xcdatamodel */;
			path = humblenotes_ios.xcdatamodeld;
			sourceTree = "<group>";
			versionGroupType = wrapper.xcdatamodel;
		};
/* End XCVersionGroup section */
	};
	rootObject = 6003DA1224F7453300FC85D8 /* Project object */;
}
